
Microsoft Visual Studio Solution File, Format Version 12.00
# Visual Studio Version 16
VisualStudioVersion = 25.0.1706.9
MinimumVisualStudioVersion = 10.0.40219.1
Project("{FAE04EC0-301F-11D3-BF4B-00C04F79EFBC}") = "ProjetAPILinQ", "ProjetAPILinQ\ProjetAPILinQ.csproj", "{5AAE10BC-4BC7-4CB3-8EAF-CBFA5E78B39B}"
EndProject
Global
	GlobalSection(SolutionConfigurationPlatforms) = preSolution
		Debug|Any CPU = Debug|Any CPU
		Release|Any CPU = Release|Any CPU
	EndGlobalSection
	GlobalSection(ProjectConfigurationPlatforms) = postSolution
		{5AAE10BC-4BC7-4CB3-8EAF-CBFA5E78B39B}.Debug|Any CPU.ActiveCfg = Debug|Any CPU
		{5AAE10BC-4BC7-4CB3-8EAF-CBFA5E78B39B}.Debug|Any CPU.Build.0 = Debug|Any CPU
		{5AAE10BC-4BC7-4CB3-8EAF-CBFA5E78B39B}.Release|Any CPU.ActiveCfg = Release|Any CPU
		{5AAE10BC-4BC7-4CB3-8EAF-CBFA5E78B39B}.Release|Any CPU.Build.0 = Release|Any CPU
	EndGlobalSection
	GlobalSection(SolutionProperties) = preSolution
		HideSolutionNode = FALSE
	EndGlobalSection
	GlobalSection(ExtensibilityGlobals) = postSolution
		SolutionGuid = {0A7AE235-2914-4917-9281-306B4A82C8F7}
	EndGlobalSection
EndGlobal
